
Microsoft Visual Studio Solution File, Format Version 12.00
# Visual Studio Version 16
VisualStudioVersion = 16.0.29324.140
MinimumVisualStudioVersion = 10.0.40219.1
Project("{FAE04EC0-301F-11D3-BF4B-00C04F79EFBC}") = "DisenoColumnas", "DisenoColumnas.csproj", "{86A0B5DB-28BC-49EE-9A0C-5F86B0E567EE}"
EndProject
Project("{FAE04EC0-301F-11D3-BF4B-00C04F79EFBC}") = "SpannedDataGridViewNet2", "..\SpannedDataGridViewNet2\SpannedDataGridViewNet2.csproj", "{2AB3E335-0E47-4EF6-B6A2-9EBF4B1967D0}"
EndProject
Global
	GlobalSection(SolutionConfigurationPlatforms) = preSolution
		Debug|Any CPU = Debug|Any CPU
		Release|Any CPU = Release|Any CPU
	EndGlobalSection
	GlobalSection(ProjectConfigurationPlatforms) = postSolution
		{86A0B5DB-28BC-49EE-9A0C-5F86B0E567EE}.Debug|Any CPU.ActiveCfg = Debug|Any CPU
		{86A0B5DB-28BC-49EE-9A0C-5F86B0E567EE}.Debug|Any CPU.Build.0 = Debug|Any CPU
		{86A0B5DB-28BC-49EE-9A0C-5F86B0E567EE}.Release|Any CPU.ActiveCfg = Release|Any CPU
		{86A0B5DB-28BC-49EE-9A0C-5F86B0E567EE}.Release|Any CPU.Build.0 = Release|Any CPU
		{2AB3E335-0E47-4EF6-B6A2-9EBF4B1967D0}.Debug|Any CPU.ActiveCfg = Debug|Any CPU
		{2AB3E335-0E47-4EF6-B6A2-9EBF4B1967D0}.Debug|Any CPU.Build.0 = Debug|Any CPU
		{2AB3E335-0E47-4EF6-B6A2-9EBF4B1967D0}.Release|Any CPU.ActiveCfg = Release|Any CPU
		{2AB3E335-0E47-4EF6-B6A2-9EBF4B1967D0}.Release|Any CPU.Build.0 = Release|Any CPU
	EndGlobalSection
	GlobalSection(SolutionProperties) = preSolution
		HideSolutionNode = FALSE
	EndGlobalSection
	GlobalSection(ExtensibilityGlobals) = postSolution
		SolutionGuid = {B7BFD725-B933-48CD-BCD1-3165238B722E}
	EndGlobalSection
EndGlobal
